
Microsoft Visual Studio Solution File, Format Version 12.00
# Visual Studio Version 17
VisualStudioVersion = 17.14.35906.104 d17.14
MinimumVisualStudioVersion = 10.0.40219.1
Project("{FAE04EC0-301F-11D3-BF4B-00C04F79EFBC}") = "PulseIngestion", "PulseIngestion\PulseIngestion.csproj", "{A8B1D591-65A1-4D35-A145-F74E9BD235E5}"
EndProject
Global
	GlobalSection(SolutionConfigurationPlatforms) = preSolution
		Debug|Any CPU = Debug|Any CPU
		Release|Any CPU = Release|Any CPU
	EndGlobalSection
	GlobalSection(ProjectConfigurationPlatforms) = postSolution
		{A8B1D591-65A1-4D35-A145-F74E9BD235E5}.Debug|Any CPU.ActiveCfg = Debug|Any CPU
		{A8B1D591-65A1-4D35-A145-F74E9BD235E5}.Debug|Any CPU.Build.0 = Debug|Any CPU
		{A8B1D591-65A1-4D35-A145-F74E9BD235E5}.Release|Any CPU.ActiveCfg = Release|Any CPU
		{A8B1D591-65A1-4D35-A145-F74E9BD235E5}.Release|Any CPU.Build.0 = Release|Any CPU
	EndGlobalSection
	GlobalSection(SolutionProperties) = preSolution
		HideSolutionNode = FALSE
	EndGlobalSection
	GlobalSection(ExtensibilityGlobals) = postSolution
		SolutionGuid = {4AA25FB9-1E85-4015-B934-4B264E57FD6C}
	EndGlobalSection
EndGlobal
